
Microsoft Visual Studio Solution File, Format Version 12.00
# Visual Studio 15
Project("{FAE04EC0-301F-11D3-BF4B-00C04F79EFBC}") = "UnityEngine.UI", "UnityEngine.UI.csproj", "{9533CF34-6F79-7F56-B77E-3755A13FA273}"
EndProject
Project("{FAE04EC0-301F-11D3-BF4B-00C04F79EFBC}") = "UnityEngine.TestRunner", "UnityEngine.TestRunner.csproj", "{4A21F687-588A-6920-FD8E-26A7750EF6C0}"
EndProject
Project("{FAE04EC0-301F-11D3-BF4B-00C04F79EFBC}") = "fps.Gameplay", "fps.Gameplay.csproj", "{8BCD742A-E62F-5A0B-788F-764CF13E587A}"
EndProject
Project("{FAE04EC0-301F-11D3-BF4B-00C04F79EFBC}") = "Unity.Timeline", "Unity.Timeline.csproj", "{59DF4EB7-1709-156E-58EF-3741A6C815D2}"
EndProject
Project("{FAE04EC0-301F-11D3-BF4B-00C04F79EFBC}") = "fps.UI", "fps.UI.csproj", "{9A90CF42-9C14-19C0-9863-93ECCFB77252}"
EndProject
Project("{FAE04EC0-301F-11D3-BF4B-00C04F79EFBC}") = "Unity.ProBuilder", "Unity.ProBuilder.csproj", "{72C94B05-FD7A-6AFE-DF18-9CA792573F7D}"
EndProject
Project("{FAE04EC0-301F-11D3-BF4B-00C04F79EFBC}") = "Unity.TextMeshPro", "Unity.TextMeshPro.csproj", "{CA3E4B74-F03C-2D82-A27D-37E00F95D0BF}"
EndProject
Project("{FAE04EC0-301F-11D3-BF4B-00C04F79EFBC}") = "Unity.ProBuilder.Poly2Tri", "Unity.ProBuilder.Poly2Tri.csproj", "{5D0864CA-9DE0-114C-BE5D-B629DE07FD10}"
EndProject
Project("{FAE04EC0-301F-11D3-BF4B-00C04F79EFBC}") = "fps.Game", "fps.Game.csproj", "{7F9E07E2-5A50-48B3-09AB-101F83D586B7}"
EndProject
Project("{FAE04EC0-301F-11D3-BF4B-00C04F79EFBC}") = "Unity.InteractiveTutorials.Core.Scripts", "Unity.InteractiveTutorials.Core.Scripts.csproj", "{B37C7FE9-C3E5-CA53-3327-5D3232E5896B}"
EndProject
Project("{FAE04EC0-301F-11D3-BF4B-00C04F79EFBC}") = "Unity.FPS.Tutorials", "Unity.FPS.Tutorials.csproj", "{AB8D3EB3-32D5-25A0-6A6D-214BD3C1C1AF}"
EndProject
Project("{FAE04EC0-301F-11D3-BF4B-00C04F79EFBC}") = "NavMeshComponents", "NavMeshComponents.csproj", "{3613FFA1-F057-AF3B-C742-80166C857147}"
EndProject
Project("{FAE04EC0-301F-11D3-BF4B-00C04F79EFBC}") = "fps.AI", "fps.AI.csproj", "{8C4F9862-A13F-35DA-8FC4-EF9AD40FC4B1}"
EndProject
Project("{FAE04EC0-301F-11D3-BF4B-00C04F79EFBC}") = "Unity.ProBuilder.Csg", "Unity.ProBuilder.Csg.csproj", "{6B6AC40A-E637-4B6D-9950-C781608CD4C8}"
EndProject
Project("{FAE04EC0-301F-11D3-BF4B-00C04F79EFBC}") = "Unity.ProBuilder.KdTree", "Unity.ProBuilder.KdTree.csproj", "{49B592AB-6FBC-FB67-6604-EF7ABE248678}"
EndProject
Project("{FAE04EC0-301F-11D3-BF4B-00C04F79EFBC}") = "Unity.ProBuilder.Stl", "Unity.ProBuilder.Stl.csproj", "{FA13058D-3FD6-0C8D-1824-93E72636C889}"
EndProject
Project("{FAE04EC0-301F-11D3-BF4B-00C04F79EFBC}") = "UnityEditor.TestRunner", "UnityEditor.TestRunner.csproj", "{B29876DA-BABC-50D0-78B9-D92738462B23}"
EndProject
Project("{FAE04EC0-301F-11D3-BF4B-00C04F79EFBC}") = "Unity.InteractiveTutorials.Core", "Unity.InteractiveTutorials.Core.csproj", "{BD2AE4E5-900F-C435-DE52-6F9340E46748}"
EndProject
Project("{FAE04EC0-301F-11D3-BF4B-00C04F79EFBC}") = "Unity.ProBuilder.Editor", "Unity.ProBuilder.Editor.csproj", "{B139915F-60EF-60BB-2F30-6C9B9E55D80E}"
EndProject
Project("{FAE04EC0-301F-11D3-BF4B-00C04F79EFBC}") = "Unity.PlasticSCM.Editor", "Unity.PlasticSCM.Editor.csproj", "{6720CFA9-F3FC-9CBA-9067-56A55E653A2B}"
EndProject
Project("{FAE04EC0-301F-11D3-BF4B-00C04F79EFBC}") = "UnityEditor.UI", "UnityEditor.UI.csproj", "{DEB81E21-42E3-B95F-D456-182AA1273475}"
EndProject
Project("{FAE04EC0-301F-11D3-BF4B-00C04F79EFBC}") = "Unity.VisualStudio.Editor", "Unity.VisualStudio.Editor.csproj", "{2E886E33-ED91-8123-B4EB-C2DD59774DA8}"
EndProject
Project("{FAE04EC0-301F-11D3-BF4B-00C04F79EFBC}") = "Unity.Timeline.Editor", "Unity.Timeline.Editor.csproj", "{CE04FDD6-F1C5-B845-9B01-218D1E96C90C}"
EndProject
Project("{FAE04EC0-301F-11D3-BF4B-00C04F79EFBC}") = "Unity.TextMeshPro.Editor", "Unity.TextMeshPro.Editor.csproj", "{6A68667E-C2AB-094B-04BF-DF15578BDA41}"
EndProject
Project("{FAE04EC0-301F-11D3-BF4B-00C04F79EFBC}") = "Unity.CollabProxy.Editor", "Unity.CollabProxy.Editor.csproj", "{2AC070E8-ACD9-FF64-6D31-5083DAD6358D}"
EndProject
Project("{FAE04EC0-301F-11D3-BF4B-00C04F79EFBC}") = "Unity.Rider.Editor", "Unity.Rider.Editor.csproj", "{342B06DC-7EAD-2EBA-D968-3C4C36A70AD6}"
EndProject
Project("{FAE04EC0-301F-11D3-BF4B-00C04F79EFBC}") = "UnityEditor.InteractiveTutorialsFramework", "UnityEditor.InteractiveTutorialsFramework.csproj", "{2186A471-1A92-F0D2-6919-7EF741BDABA5}"
EndProject
Project("{FAE04EC0-301F-11D3-BF4B-00C04F79EFBC}") = "Unity.InternalAPIEditorBridgeDev.001", "Unity.InternalAPIEditorBridgeDev.001.csproj", "{8FBB7179-3BA1-4F72-411A-1DF3FBC39354}"
EndProject
Project("{FAE04EC0-301F-11D3-BF4B-00C04F79EFBC}") = "NavMeshComponentsEditor", "NavMeshComponentsEditor.csproj", "{139B021D-4CA5-88B1-621B-60AE98128232}"
EndProject
Project("{FAE04EC0-301F-11D3-BF4B-00C04F79EFBC}") = "Unity.VSCode.Editor", "Unity.VSCode.Editor.csproj", "{18B038BF-D0C7-7DEF-3DEB-AD73ED137BF6}"
EndProject
Project("{FAE04EC0-301F-11D3-BF4B-00C04F79EFBC}") = "Unity.ProBuilder.AssetIdRemapUtility", "Unity.ProBuilder.AssetIdRemapUtility.csproj", "{DF6E7B13-C7F3-97CD-FD87-3148BA88BB36}"
EndProject
Project("{FAE04EC0-301F-11D3-BF4B-00C04F79EFBC}") = "Unity.Settings.Editor", "Unity.Settings.Editor.csproj", "{8230A4BA-4967-869B-DF6C-564C419ABBDB}"
EndProject
Project("{FAE04EC0-301F-11D3-BF4B-00C04F79EFBC}") = "Unity.EditorCoroutines.Editor", "Unity.EditorCoroutines.Editor.csproj", "{65F785E7-247F-945D-79B4-0212184A4764}"
EndProject
Project("{FAE04EC0-301F-11D3-BF4B-00C04F79EFBC}") = "Unity.Play.Publisher.Editor", "Unity.Play.Publisher.Editor.csproj", "{1FAE16A4-B55D-4EA0-2A4E-9BD39DA44944}"
EndProject
Project("{FAE04EC0-301F-11D3-BF4B-00C04F79EFBC}") = "Unity.Microgame.Tutorials", "Unity.Microgame.Tutorials.csproj", "{1E55D3B5-653F-02E4-5FAF-C46E4AB21889}"
EndProject
Project("{FAE04EC0-301F-11D3-BF4B-00C04F79EFBC}") = "Unity.ProBuilder.AddOns.Editor", "Unity.ProBuilder.AddOns.Editor.csproj", "{77CDB7E6-5919-37F1-2A36-E6679100B9B0}"
EndProject
Project("{FAE04EC0-301F-11D3-BF4B-00C04F79EFBC}") = "fps.Editor", "fps.Editor.csproj", "{291F06DF-629D-429A-672D-D40414DB921C}"
EndProject
Global
	GlobalSection(SolutionConfigurationPlatforms) = preSolution
		Debug|Any CPU = Debug|Any CPU
		Release|Any CPU = Release|Any CPU
	EndGlobalSection
	GlobalSection(ProjectConfigurationPlatforms) = postSolution
		{9533CF34-6F79-7F56-B77E-3755A13FA273}.Debug|Any CPU.ActiveCfg = Debug|Any CPU
		{9533CF34-6F79-7F56-B77E-3755A13FA273}.Debug|Any CPU.Build.0 = Debug|Any CPU
		{9533CF34-6F79-7F56-B77E-3755A13FA273}.Release|Any CPU.ActiveCfg = Release|Any CPU
		{9533CF34-6F79-7F56-B77E-3755A13FA273}.Release|Any CPU.Build.0 = Release|Any CPU
		{4A21F687-588A-6920-FD8E-26A7750EF6C0}.Debug|Any CPU.ActiveCfg = Debug|Any CPU
		{4A21F687-588A-6920-FD8E-26A7750EF6C0}.Debug|Any CPU.Build.0 = Debug|Any CPU
		{4A21F687-588A-6920-FD8E-26A7750EF6C0}.Release|Any CPU.ActiveCfg = Release|Any CPU
		{4A21F687-588A-6920-FD8E-26A7750EF6C0}.Release|Any CPU.Build.0 = Release|Any CPU
		{8BCD742A-E62F-5A0B-788F-764CF13E587A}.Debug|Any CPU.ActiveCfg = Debug|Any CPU
		{8BCD742A-E62F-5A0B-788F-764CF13E587A}.Debug|Any CPU.Build.0 = Debug|Any CPU
		{8BCD742A-E62F-5A0B-788F-764CF13E587A}.Release|Any CPU.ActiveCfg = Release|Any CPU
		{8BCD742A-E62F-5A0B-788F-764CF13E587A}.Release|Any CPU.Build.0 = Release|Any CPU
		{59DF4EB7-1709-156E-58EF-3741A6C815D2}.Debug|Any CPU.ActiveCfg = Debug|Any CPU
		{59DF4EB7-1709-156E-58EF-3741A6C815D2}.Debug|Any CPU.Build.0 = Debug|Any CPU
		{59DF4EB7-1709-156E-58EF-3741A6C815D2}.Release|Any CPU.ActiveCfg = Release|Any CPU
		{59DF4EB7-1709-156E-58EF-3741A6C815D2}.Release|Any CPU.Build.0 = Release|Any CPU
		{9A90CF42-9C14-19C0-9863-93ECCFB77252}.Debug|Any CPU.ActiveCfg = Debug|Any CPU
		{9A90CF42-9C14-19C0-9863-93ECCFB77252}.Debug|Any CPU.Build.0 = Debug|Any CPU
		{9A90CF42-9C14-19C0-9863-93ECCFB77252}.Release|Any CPU.ActiveCfg = Release|Any CPU
		{9A90CF42-9C14-19C0-9863-93ECCFB77252}.Release|Any CPU.Build.0 = Release|Any CPU
		{72C94B05-FD7A-6AFE-DF18-9CA792573F7D}.Debug|Any CPU.ActiveCfg = Debug|Any CPU
		{72C94B05-FD7A-6AFE-DF18-9CA792573F7D}.Debug|Any CPU.Build.0 = Debug|Any CPU
		{72C94B05-FD7A-6AFE-DF18-9CA792573F7D}.Release|Any CPU.ActiveCfg = Release|Any CPU
		{72C94B05-FD7A-6AFE-DF18-9CA792573F7D}.Release|Any CPU.Build.0 = Release|Any CPU
		{CA3E4B74-F03C-2D82-A27D-37E00F95D0BF}.Debug|Any CPU.ActiveCfg = Debug|Any CPU
		{CA3E4B74-F03C-2D82-A27D-37E00F95D0BF}.Debug|Any CPU.Build.0 = Debug|Any CPU
		{CA3E4B74-F03C-2D82-A27D-37E00F95D0BF}.Release|Any CPU.ActiveCfg = Release|Any CPU
		{CA3E4B74-F03C-2D82-A27D-37E00F95D0BF}.Release|Any CPU.Build.0 = Release|Any CPU
		{5D0864CA-9DE0-114C-BE5D-B629DE07FD10}.Debug|Any CPU.ActiveCfg = Debug|Any CPU
		{5D0864CA-9DE0-114C-BE5D-B629DE07FD10}.Debug|Any CPU.Build.0 = Debug|Any CPU
		{5D0864CA-9DE0-114C-BE5D-B629DE07FD10}.Release|Any CPU.ActiveCfg = Release|Any CPU
		{5D0864CA-9DE0-114C-BE5D-B629DE07FD10}.Release|Any CPU.Build.0 = Release|Any CPU
		{7F9E07E2-5A50-48B3-09AB-101F83D586B7}.Debug|Any CPU.ActiveCfg = Debug|Any CPU
		{7F9E07E2-5A50-48B3-09AB-101F83D586B7}.Debug|Any CPU.Build.0 = Debug|Any CPU
		{7F9E07E2-5A50-48B3-09AB-101F83D586B7}.Release|Any CPU.ActiveCfg = Release|Any CPU
		{7F9E07E2-5A50-48B3-09AB-101F83D586B7}.Release|Any CPU.Build.0 = Release|Any CPU
		{B37C7FE9-C3E5-CA53-3327-5D3232E5896B}.Debug|Any CPU.ActiveCfg = Debug|Any CPU
		{B37C7FE9-C3E5-CA53-3327-5D3232E5896B}.Debug|Any CPU.Build.0 = Debug|Any CPU
		{B37C7FE9-C3E5-CA53-3327-5D3232E5896B}.Release|Any CPU.ActiveCfg = Release|Any CPU
		{B37C7FE9-C3E5-CA53-3327-5D3232E5896B}.Release|Any CPU.Build.0 = Release|Any CPU
		{AB8D3EB3-32D5-25A0-6A6D-214BD3C1C1AF}.Debug|Any CPU.ActiveCfg = Debug|Any CPU
		{AB8D3EB3-32D5-25A0-6A6D-214BD3C1C1AF}.Debug|Any CPU.Build.0 = Debug|Any CPU
		{AB8D3EB3-32D5-25A0-6A6D-214BD3C1C1AF}.Release|Any CPU.ActiveCfg = Release|Any CPU
		{AB8D3EB3-32D5-25A0-6A6D-214BD3C1C1AF}.Release|Any CPU.Build.0 = Release|Any CPU
		{3613FFA1-F057-AF3B-C742-80166C857147}.Debug|Any CPU.ActiveCfg = Debug|Any CPU
		{3613FFA1-F057-AF3B-C742-80166C857147}.Debug|Any CPU.Build.0 = Debug|Any CPU
		{3613FFA1-F057-AF3B-C742-80166C857147}.Release|Any CPU.ActiveCfg = Release|Any CPU
		{3613FFA1-F057-AF3B-C742-80166C857147}.Release|Any CPU.Build.0 = Release|Any CPU
		{8C4F9862-A13F-35DA-8FC4-EF9AD40FC4B1}.Debug|Any CPU.ActiveCfg = Debug|Any CPU
		{8C4F9862-A13F-35DA-8FC4-EF9AD40FC4B1}.Debug|Any CPU.Build.0 = Debug|Any CPU
		{8C4F9862-A13F-35DA-8FC4-EF9AD40FC4B1}.Release|Any CPU.ActiveCfg = Release|Any CPU
		{8C4F9862-A13F-35DA-8FC4-EF9AD40FC4B1}.Release|Any CPU.Build.0 = Release|Any CPU
		{6B6AC40A-E637-4B6D-9950-C781608CD4C8}.Debug|Any CPU.ActiveCfg = Debug|Any CPU
		{6B6AC40A-E637-4B6D-9950-C781608CD4C8}.Debug|Any CPU.Build.0 = Debug|Any CPU
		{6B6AC40A-E637-4B6D-9950-C781608CD4C8}.Release|Any CPU.ActiveCfg = Release|Any CPU
		{6B6AC40A-E637-4B6D-9950-C781608CD4C8}.Release|Any CPU.Build.0 = Release|Any CPU
		{49B592AB-6FBC-FB67-6604-EF7ABE248678}.Debug|Any CPU.ActiveCfg = Debug|Any CPU
		{49B592AB-6FBC-FB67-6604-EF7ABE248678}.Debug|Any CPU.Build.0 = Debug|Any CPU
		{49B592AB-6FBC-FB67-6604-EF7ABE248678}.Release|Any CPU.ActiveCfg = Release|Any CPU
		{49B592AB-6FBC-FB67-6604-EF7ABE248678}.Release|Any CPU.Build.0 = Release|Any CPU
		{FA13058D-3FD6-0C8D-1824-93E72636C889}.Debug|Any CPU.ActiveCfg = Debug|Any CPU
		{FA13058D-3FD6-0C8D-1824-93E72636C889}.Debug|Any CPU.Build.0 = Debug|Any CPU
		{FA13058D-3FD6-0C8D-1824-93E72636C889}.Release|Any CPU.ActiveCfg = Release|Any CPU
		{FA13058D-3FD6-0C8D-1824-93E72636C889}.Release|Any CPU.Build.0 = Release|Any CPU
		{B29876DA-BABC-50D0-78B9-D92738462B23}.Debug|Any CPU.ActiveCfg = Debug|Any CPU
		{B29876DA-BABC-50D0-78B9-D92738462B23}.Debug|Any CPU.Build.0 = Debug|Any CPU
		{B29876DA-BABC-50D0-78B9-D92738462B23}.Release|Any CPU.ActiveCfg = Release|Any CPU
		{B29876DA-BABC-50D0-78B9-D92738462B23}.Release|Any CPU.Build.0 = Release|Any CPU
		{BD2AE4E5-900F-C435-DE52-6F9340E46748}.Debug|Any CPU.ActiveCfg = Debug|Any CPU
		{BD2AE4E5-900F-C435-DE52-6F9340E46748}.Debug|Any CPU.Build.0 = Debug|Any CPU
		{BD2AE4E5-900F-C435-DE52-6F9340E46748}.Release|Any CPU.ActiveCfg = Release|Any CPU
		{BD2AE4E5-900F-C435-DE52-6F9340E46748}.Release|Any CPU.Build.0 = Release|Any CPU
		{B139915F-60EF-60BB-2F30-6C9B9E55D80E}.Debug|Any CPU.ActiveCfg = Debug|Any CPU
		{B139915F-60EF-60BB-2F30-6C9B9E55D80E}.Debug|Any CPU.Build.0 = Debug|Any CPU
		{B139915F-60EF-60BB-2F30-6C9B9E55D80E}.Release|Any CPU.ActiveCfg = Release|Any CPU
		{B139915F-60EF-60BB-2F30-6C9B9E55D80E}.Release|Any CPU.Build.0 = Release|Any CPU
		{6720CFA9-F3FC-9CBA-9067-56A55E653A2B}.Debug|Any CPU.ActiveCfg = Debug|Any CPU
		{6720CFA9-F3FC-9CBA-9067-56A55E653A2B}.Debug|Any CPU.Build.0 = Debug|Any CPU
		{6720CFA9-F3FC-9CBA-9067-56A55E653A2B}.Release|Any CPU.ActiveCfg = Release|Any CPU
		{6720CFA9-F3FC-9CBA-9067-56A55E653A2B}.Release|Any CPU.Build.0 = Release|Any CPU
		{DEB81E21-42E3-B95F-D456-182AA1273475}.Debug|Any CPU.ActiveCfg = Debug|Any CPU
		{DEB81E21-42E3-B95F-D456-182AA1273475}.Debug|Any CPU.Build.0 = Debug|Any CPU
		{DEB81E21-42E3-B95F-D456-182AA1273475}.Release|Any CPU.ActiveCfg = Release|Any CPU
		{DEB81E21-42E3-B95F-D456-182AA1273475}.Release|Any CPU.Build.0 = Release|Any CPU
		{2E886E33-ED91-8123-B4EB-C2DD59774DA8}.Debug|Any CPU.ActiveCfg = Debug|Any CPU
		{2E886E33-ED91-8123-B4EB-C2DD59774DA8}.Debug|Any CPU.Build.0 = Debug|Any CPU
		{2E886E33-ED91-8123-B4EB-C2DD59774DA8}.Release|Any CPU.ActiveCfg = Release|Any CPU
		{2E886E33-ED91-8123-B4EB-C2DD59774DA8}.Release|Any CPU.Build.0 = Release|Any CPU
		{CE04FDD6-F1C5-B845-9B01-218D1E96C90C}.Debug|Any CPU.ActiveCfg = Debug|Any CPU
		{CE04FDD6-F1C5-B845-9B01-218D1E96C90C}.Debug|Any CPU.Build.0 = Debug|Any CPU
		{CE04FDD6-F1C5-B845-9B01-218D1E96C90C}.Release|Any CPU.ActiveCfg = Release|Any CPU
		{CE04FDD6-F1C5-B845-9B01-218D1E96C90C}.Release|Any CPU.Build.0 = Release|Any CPU
		{6A68667E-C2AB-094B-04BF-DF15578BDA41}.Debug|Any CPU.ActiveCfg = Debug|Any CPU
		{6A68667E-C2AB-094B-04BF-DF15578BDA41}.Debug|Any CPU.Build.0 = Debug|Any CPU
		{6A68667E-C2AB-094B-04BF-DF15578BDA41}.Release|Any CPU.ActiveCfg = Release|Any CPU
		{6A68667E-C2AB-094B-04BF-DF15578BDA41}.Release|Any CPU.Build.0 = Release|Any CPU
		{2AC070E8-ACD9-FF64-6D31-5083DAD6358D}.Debug|Any CPU.ActiveCfg = Debug|Any CPU
		{2AC070E8-ACD9-FF64-6D31-5083DAD6358D}.Debug|Any CPU.Build.0 = Debug|Any CPU
		{2AC070E8-ACD9-FF64-6D31-5083DAD6358D}.Release|Any CPU.ActiveCfg = Release|Any CPU
		{2AC070E8-ACD9-FF64-6D31-5083DAD6358D}.Release|Any CPU.Build.0 = Release|Any CPU
		{342B06DC-7EAD-2EBA-D968-3C4C36A70AD6}.Debug|Any CPU.ActiveCfg = Debug|Any CPU
		{342B06DC-7EAD-2EBA-D968-3C4C36A70AD6}.Debug|Any CPU.Build.0 = Debug|Any CPU
		{342B06DC-7EAD-2EBA-D968-3C4C36A70AD6}.Release|Any CPU.ActiveCfg = Release|Any CPU
		{342B06DC-7EAD-2EBA-D968-3C4C36A70AD6}.Release|Any CPU.Build.0 = Release|Any CPU
		{2186A471-1A92-F0D2-6919-7EF741BDABA5}.Debug|Any CPU.ActiveCfg = Debug|Any CPU
		{2186A471-1A92-F0D2-6919-7EF741BDABA5}.Debug|Any CPU.Build.0 = Debug|Any CPU
		{2186A471-1A92-F0D2-6919-7EF741BDABA5}.Release|Any CPU.ActiveCfg = Release|Any CPU
		{2186A471-1A92-F0D2-6919-7EF741BDABA5}.Release|Any CPU.Build.0 = Release|Any CPU
		{8FBB7179-3BA1-4F72-411A-1DF3FBC39354}.Debug|Any CPU.ActiveCfg = Debug|Any CPU
		{8FBB7179-3BA1-4F72-411A-1DF3FBC39354}.Debug|Any CPU.Build.0 = Debug|Any CPU
		{8FBB7179-3BA1-4F72-411A-1DF3FBC39354}.Release|Any CPU.ActiveCfg = Release|Any CPU
		{8FBB7179-3BA1-4F72-411A-1DF3FBC39354}.Release|Any CPU.Build.0 = Release|Any CPU
		{139B021D-4CA5-88B1-621B-60AE98128232}.Debug|Any CPU.ActiveCfg = Debug|Any CPU
		{139B021D-4CA5-88B1-621B-60AE98128232}.Debug|Any CPU.Build.0 = Debug|Any CPU
		{139B021D-4CA5-88B1-621B-60AE98128232}.Release|Any CPU.ActiveCfg = Release|Any CPU
		{139B021D-4CA5-88B1-621B-60AE98128232}.Release|Any CPU.Build.0 = Release|Any CPU
		{18B038BF-D0C7-7DEF-3DEB-AD73ED137BF6}.Debug|Any CPU.ActiveCfg = Debug|Any CPU
		{18B038BF-D0C7-7DEF-3DEB-AD73ED137BF6}.Debug|Any CPU.Build.0 = Debug|Any CPU
		{18B038BF-D0C7-7DEF-3DEB-AD73ED137BF6}.Release|Any CPU.ActiveCfg = Release|Any CPU
		{18B038BF-D0C7-7DEF-3DEB-AD73ED137BF6}.Release|Any CPU.Build.0 = Release|Any CPU
		{DF6E7B13-C7F3-97CD-FD87-3148BA88BB36}.Debug|Any CPU.ActiveCfg = Debug|Any CPU
		{DF6E7B13-C7F3-97CD-FD87-3148BA88BB36}.Debug|Any CPU.Build.0 = Debug|Any CPU
		{DF6E7B13-C7F3-97CD-FD87-3148BA88BB36}.Release|Any CPU.ActiveCfg = Release|Any CPU
		{DF6E7B13-C7F3-97CD-FD87-3148BA88BB36}.Release|Any CPU.Build.0 = Release|Any CPU
		{8230A4BA-4967-869B-DF6C-564C419ABBDB}.Debug|Any CPU.ActiveCfg = Debug|Any CPU
		{8230A4BA-4967-869B-DF6C-564C419ABBDB}.Debug|Any CPU.Build.0 = Debug|Any CPU
		{8230A4BA-4967-869B-DF6C-564C419ABBDB}.Release|Any CPU.ActiveCfg = Release|Any CPU
		{8230A4BA-4967-869B-DF6C-564C419ABBDB}.Release|Any CPU.Build.0 = Release|Any CPU
		{65F785E7-247F-945D-79B4-0212184A4764}.Debug|Any CPU.ActiveCfg = Debug|Any CPU
		{65F785E7-247F-945D-79B4-0212184A4764}.Debug|Any CPU.Build.0 = Debug|Any CPU
		{65F785E7-247F-945D-79B4-0212184A4764}.Release|Any CPU.ActiveCfg = Release|Any CPU
		{65F785E7-247F-945D-79B4-0212184A4764}.Release|Any CPU.Build.0 = Release|Any CPU
		{1FAE16A4-B55D-4EA0-2A4E-9BD39DA44944}.Debug|Any CPU.ActiveCfg = Debug|Any CPU
		{1FAE16A4-B55D-4EA0-2A4E-9BD39DA44944}.Debug|Any CPU.Build.0 = Debug|Any CPU
		{1FAE16A4-B55D-4EA0-2A4E-9BD39DA44944}.Release|Any CPU.ActiveCfg = Release|Any CPU
		{1FAE16A4-B55D-4EA0-2A4E-9BD39DA44944}.Release|Any CPU.Build.0 = Release|Any CPU
		{1E55D3B5-653F-02E4-5FAF-C46E4AB21889}.Debug|Any CPU.ActiveCfg = Debug|Any CPU
		{1E55D3B5-653F-02E4-5FAF-C46E4AB21889}.Debug|Any CPU.Build.0 = Debug|Any CPU
		{1E55D3B5-653F-02E4-5FAF-C46E4AB21889}.Release|Any CPU.ActiveCfg = Release|Any CPU
		{1E55D3B5-653F-02E4-5FAF-C46E4AB21889}.Release|Any CPU.Build.0 = Release|Any CPU
		{77CDB7E6-5919-37F1-2A36-E6679100B9B0}.Debug|Any CPU.ActiveCfg = Debug|Any CPU
		{77CDB7E6-5919-37F1-2A36-E6679100B9B0}.Debug|Any CPU.Build.0 = Debug|Any CPU
		{77CDB7E6-5919-37F1-2A36-E6679100B9B0}.Release|Any CPU.ActiveCfg = Release|Any CPU
		{77CDB7E6-5919-37F1-2A36-E6679100B9B0}.Release|Any CPU.Build.0 = Release|Any CPU
		{291F06DF-629D-429A-672D-D40414DB921C}.Debug|Any CPU.ActiveCfg = Debug|Any CPU
		{291F06DF-629D-429A-672D-D40414DB921C}.Debug|Any CPU.Build.0 = Debug|Any CPU
		{291F06DF-629D-429A-672D-D40414DB921C}.Release|Any CPU.ActiveCfg = Release|Any CPU
		{291F06DF-629D-429A-672D-D40414DB921C}.Release|Any CPU.Build.0 = Release|Any CPU
	EndGlobalSection
	GlobalSection(SolutionProperties) = preSolution
		HideSolutionNode = FALSE
	EndGlobalSection
EndGlobal
